
Microsoft Visual Studio Solution File, Format Version 12.00
# Visual Studio Version 17
VisualStudioVersion = 17.8.34511.84
MinimumVisualStudioVersion = 10.0.40219.1
Project("{FAE04EC0-301F-11D3-BF4B-00C04F79EFBC}") = "Computer Graphics LR7", "Computer Graphics LR7\Computer Graphics LR7.csproj", "{2672DE20-6363-423D-A7BA-7D9DCFB9BF48}"
EndProject
Global
	GlobalSection(SolutionConfigurationPlatforms) = preSolution
		Debug|Any CPU = Debug|Any CPU
		Release|Any CPU = Release|Any CPU
	EndGlobalSection
	GlobalSection(ProjectConfigurationPlatforms) = postSolution
		{2672DE20-6363-423D-A7BA-7D9DCFB9BF48}.Debug|Any CPU.ActiveCfg = Debug|Any CPU
		{2672DE20-6363-423D-A7BA-7D9DCFB9BF48}.Debug|Any CPU.Build.0 = Debug|Any CPU
		{2672DE20-6363-423D-A7BA-7D9DCFB9BF48}.Release|Any CPU.ActiveCfg = Release|Any CPU
		{2672DE20-6363-423D-A7BA-7D9DCFB9BF48}.Release|Any CPU.Build.0 = Release|Any CPU
	EndGlobalSection
	GlobalSection(SolutionProperties) = preSolution
		HideSolutionNode = FALSE
	EndGlobalSection
	GlobalSection(ExtensibilityGlobals) = postSolution
		SolutionGuid = {ED33C376-5C92-4C52-9ABC-56A0B8D0442F}
	EndGlobalSection
EndGlobal
